
Microsoft Visual Studio Solution File, Format Version 12.00
# Visual Studio Version 16
VisualStudioVersion = 16.0.30503.244
MinimumVisualStudioVersion = 10.0.40219.1
Project("{FAE04EC0-301F-11D3-BF4B-00C04F79EFBC}") = "Calendar", "Calendar\Calendar.csproj", "{619ACBA7-D124-4DE0-8BAE-F1E730183F19}"
EndProject
Project("{54435603-DBB4-11D2-8724-00A0C9A8B90C}") = "SetupCalendar", "SetupCalendar\SetupCalendar.vdproj", "{BB478448-8BC9-4E7F-BE7E-FD48219B4A1A}"
EndProject
Global
	GlobalSection(SolutionConfigurationPlatforms) = preSolution
		Debug|Any CPU = Debug|Any CPU
		Release|Any CPU = Release|Any CPU
	EndGlobalSection
	GlobalSection(ProjectConfigurationPlatforms) = postSolution
		{619ACBA7-D124-4DE0-8BAE-F1E730183F19}.Debug|Any CPU.ActiveCfg = Debug|Any CPU
		{619ACBA7-D124-4DE0-8BAE-F1E730183F19}.Debug|Any CPU.Build.0 = Debug|Any CPU
		{619ACBA7-D124-4DE0-8BAE-F1E730183F19}.Release|Any CPU.ActiveCfg = Release|Any CPU
		{619ACBA7-D124-4DE0-8BAE-F1E730183F19}.Release|Any CPU.Build.0 = Release|Any CPU
		{BB478448-8BC9-4E7F-BE7E-FD48219B4A1A}.Debug|Any CPU.ActiveCfg = Debug
		{BB478448-8BC9-4E7F-BE7E-FD48219B4A1A}.Release|Any CPU.ActiveCfg = Release
	EndGlobalSection
	GlobalSection(SolutionProperties) = preSolution
		HideSolutionNode = FALSE
	EndGlobalSection
	GlobalSection(ExtensibilityGlobals) = postSolution
		SolutionGuid = {034416D7-2D36-4DBF-A07A-0CD9932450EC}
	EndGlobalSection
EndGlobal
